<Solution>
  <Folder Name="/Solution Items/">
    <File Path=".gitignore" />
  </Folder>
  <Project Path="Task 1/Task 1.csproj" />
  <Project Path="Task 2/Task 2.csproj" />
  <Project Path="Task 3/Task 3.csproj" />
  <Project Path="Task 4/Task 4.csproj" Id="a05ec609-92c5-4214-8bc5-4ffd0cf1b6a2" />
  <Project Path="Task 5/Task 5.csproj" Id="99396431-df17-493b-93b9-cd2d550586ef" />
</Solution>
